
Microsoft Visual Studio Solution File, Format Version 12.00
# Visual Studio 15
VisualStudioVersion = 15.0.27004.2009
MinimumVisualStudioVersion = 10.0.40219.1
Project("{FAE04EC0-301F-11D3-BF4B-00C04F79EFBC}") = "Peekaboo_Holdem.Android", "Peekaboo Holdem\Peekaboo_Holdem.Android\Peekaboo_Holdem.Android.csproj", "{4A759C81-266B-440C-9C4D-F4FAEC7A42A0}"
EndProject
Project("{FAE04EC0-301F-11D3-BF4B-00C04F79EFBC}") = "Peekaboo_Holdem", "Peekaboo Holdem\Peekaboo_Holdem\Peekaboo_Holdem.csproj", "{A483B9A0-6683-48E7-B6C2-4F7FD7CDCBE7}"
EndProject
Project("{FAE04EC0-301F-11D3-BF4B-00C04F79EFBC}") = "Peekaboo_Holdem.UWP", "Peekaboo Holdem\Peekaboo_Holdem.UWP\Peekaboo_Holdem.UWP.csproj", "{B881CDBC-A24A-4B8F-AC90-81FD92E1BBF0}"
EndProject
Project("{FAE04EC0-301F-11D3-BF4B-00C04F79EFBC}") = "Peekaboo_Holdem.iOS", "Peekaboo Holdem\Peekaboo_Holdem.iOS\Peekaboo_Holdem.iOS.csproj", "{259CB16A-6C67-4716-B560-0D9B198C1DDA}"
EndProject
Global
	GlobalSection(SolutionConfigurationPlatforms) = preSolution
		Ad-Hoc|Any CPU = Ad-Hoc|Any CPU
		Ad-Hoc|ARM = Ad-Hoc|ARM
		Ad-Hoc|iPhone = Ad-Hoc|iPhone
		Ad-Hoc|iPhoneSimulator = Ad-Hoc|iPhoneSimulator
		Ad-Hoc|x64 = Ad-Hoc|x64
		Ad-Hoc|x86 = Ad-Hoc|x86
		AppStore|Any CPU = AppStore|Any CPU
		AppStore|ARM = AppStore|ARM
		AppStore|iPhone = AppStore|iPhone
		AppStore|iPhoneSimulator = AppStore|iPhoneSimulator
		AppStore|x64 = AppStore|x64
		AppStore|x86 = AppStore|x86
		Debug|Any CPU = Debug|Any CPU
		Debug|ARM = Debug|ARM
		Debug|iPhone = Debug|iPhone
		Debug|iPhoneSimulator = Debug|iPhoneSimulator
		Debug|x64 = Debug|x64
		Debug|x86 = Debug|x86
		Release|Any CPU = Release|Any CPU
		Release|ARM = Release|ARM
		Release|iPhone = Release|iPhone
		Release|iPhoneSimulator = Release|iPhoneSimulator
		Release|x64 = Release|x64
		Release|x86 = Release|x86
	EndGlobalSection
	GlobalSection(ProjectConfigurationPlatforms) = postSolution
		{4A759C81-266B-440C-9C4D-F4FAEC7A42A0}.Ad-Hoc|Any CPU.ActiveCfg = Release|Any CPU
		{4A759C81-266B-440C-9C4D-F4FAEC7A42A0}.Ad-Hoc|Any CPU.Build.0 = Release|Any CPU
		{4A759C81-266B-440C-9C4D-F4FAEC7A42A0}.Ad-Hoc|Any CPU.Deploy.0 = Release|Any CPU
		{4A759C81-266B-440C-9C4D-F4FAEC7A42A0}.Ad-Hoc|ARM.ActiveCfg = Release|Any CPU
		{4A759C81-266B-440C-9C4D-F4FAEC7A42A0}.Ad-Hoc|ARM.Build.0 = Release|Any CPU
		{4A759C81-266B-440C-9C4D-F4FAEC7A42A0}.Ad-Hoc|ARM.Deploy.0 = Release|Any CPU
		{4A759C81-266B-440C-9C4D-F4FAEC7A42A0}.Ad-Hoc|iPhone.ActiveCfg = Release|Any CPU
		{4A759C81-266B-440C-9C4D-F4FAEC7A42A0}.Ad-Hoc|iPhone.Build.0 = Release|Any CPU
		{4A759C81-266B-440C-9C4D-F4FAEC7A42A0}.Ad-Hoc|iPhone.Deploy.0 = Release|Any CPU
		{4A759C81-266B-440C-9C4D-F4FAEC7A42A0}.Ad-Hoc|iPhoneSimulator.ActiveCfg = Release|Any CPU
		{4A759C81-266B-440C-9C4D-F4FAEC7A42A0}.Ad-Hoc|iPhoneSimulator.Build.0 = Release|Any CPU
		{4A759C81-266B-440C-9C4D-F4FAEC7A42A0}.Ad-Hoc|iPhoneSimulator.Deploy.0 = Release|Any CPU
		{4A759C81-266B-440C-9C4D-F4FAEC7A42A0}.Ad-Hoc|x64.ActiveCfg = Release|Any CPU
		{4A759C81-266B-440C-9C4D-F4FAEC7A42A0}.Ad-Hoc|x64.Build.0 = Release|Any CPU
		{4A759C81-266B-440C-9C4D-F4FAEC7A42A0}.Ad-Hoc|x64.Deploy.0 = Release|Any CPU
		{4A759C81-266B-440C-9C4D-F4FAEC7A42A0}.Ad-Hoc|x86.ActiveCfg = Release|Any CPU
		{4A759C81-266B-440C-9C4D-F4FAEC7A42A0}.Ad-Hoc|x86.Build.0 = Release|Any CPU
		{4A759C81-266B-440C-9C4D-F4FAEC7A42A0}.Ad-Hoc|x86.Deploy.0 = Release|Any CPU
		{4A759C81-266B-440C-9C4D-F4FAEC7A42A0}.AppStore|Any CPU.ActiveCfg = Release|Any CPU
		{4A759C81-266B-440C-9C4D-F4FAEC7A42A0}.AppStore|Any CPU.Build.0 = Release|Any CPU
		{4A759C81-266B-440C-9C4D-F4FAEC7A42A0}.AppStore|Any CPU.Deploy.0 = Release|Any CPU
		{4A759C81-266B-440C-9C4D-F4FAEC7A42A0}.AppStore|ARM.ActiveCfg = Release|Any CPU
		{4A759C81-266B-440C-9C4D-F4FAEC7A42A0}.AppStore|ARM.Build.0 = Release|Any CPU
		{4A759C81-266B-440C-9C4D-F4FAEC7A42A0}.AppStore|ARM.Deploy.0 = Release|Any CPU
		{4A759C81-266B-440C-9C4D-F4FAEC7A42A0}.AppStore|iPhone.ActiveCfg = Release|Any CPU
		{4A759C81-266B-440C-9C4D-F4FAEC7A42A0}.AppStore|iPhone.Build.0 = Release|Any CPU
		{4A759C81-266B-440C-9C4D-F4FAEC7A42A0}.AppStore|iPhone.Deploy.0 = Release|Any CPU
		{4A759C81-266B-440C-9C4D-F4FAEC7A42A0}.AppStore|iPhoneSimulator.ActiveCfg = Release|Any CPU
		{4A759C81-266B-440C-9C4D-F4FAEC7A42A0}.AppStore|iPhoneSimulator.Build.0 = Release|Any CPU
		{4A759C81-266B-440C-9C4D-F4FAEC7A42A0}.AppStore|iPhoneSimulator.Deploy.0 = Release|Any CPU
		{4A759C81-266B-440C-9C4D-F4FAEC7A42A0}.AppStore|x64.ActiveCfg = Release|Any CPU
		{4A759C81-266B-440C-9C4D-F4FAEC7A42A0}.AppStore|x64.Build.0 = Release|Any CPU
		{4A759C81-266B-440C-9C4D-F4FAEC7A42A0}.AppStore|x64.Deploy.0 = Release|Any CPU
		{4A759C81-266B-440C-9C4D-F4FAEC7A42A0}.AppStore|x86.ActiveCfg = Release|Any CPU
		{4A759C81-266B-440C-9C4D-F4FAEC7A42A0}.AppStore|x86.Build.0 = Release|Any CPU
		{4A759C81-266B-440C-9C4D-F4FAEC7A42A0}.AppStore|x86.Deploy.0 = Release|Any CPU
		{4A759C81-266B-440C-9C4D-F4FAEC7A42A0}.Debug|Any CPU.ActiveCfg = Debug|Any CPU
		{4A759C81-266B-440C-9C4D-F4FAEC7A42A0}.Debug|Any CPU.Build.0 = Debug|Any CPU
		{4A759C81-266B-440C-9C4D-F4FAEC7A42A0}.Debug|Any CPU.Deploy.0 = Debug|Any CPU
		{4A759C81-266B-440C-9C4D-F4FAEC7A42A0}.Debug|ARM.ActiveCfg = Debug|Any CPU
		{4A759C81-266B-440C-9C4D-F4FAEC7A42A0}.Debug|ARM.Build.0 = Debug|Any CPU
		{4A759C81-266B-440C-9C4D-F4FAEC7A42A0}.Debug|ARM.Deploy.0 = Debug|Any CPU
		{4A759C81-266B-440C-9C4D-F4FAEC7A42A0}.Debug|iPhone.ActiveCfg = Debug|Any CPU
		{4A759C81-266B-440C-9C4D-F4FAEC7A42A0}.Debug|iPhone.Build.0 = Debug|Any CPU
		{4A759C81-266B-440C-9C4D-F4FAEC7A42A0}.Debug|iPhone.Deploy.0 = Debug|Any CPU
		{4A759C81-266B-440C-9C4D-F4FAEC7A42A0}.Debug|iPhoneSimulator.ActiveCfg = Debug|Any CPU
		{4A759C81-266B-440C-9C4D-F4FAEC7A42A0}.Debug|iPhoneSimulator.Build.0 = Debug|Any CPU
		{4A759C81-266B-440C-9C4D-F4FAEC7A42A0}.Debug|iPhoneSimulator.Deploy.0 = Debug|Any CPU
		{4A759C81-266B-440C-9C4D-F4FAEC7A42A0}.Debug|x64.ActiveCfg = Debug|Any CPU
		{4A759C81-266B-440C-9C4D-F4FAEC7A42A0}.Debug|x64.Build.0 = Debug|Any CPU
		{4A759C81-266B-440C-9C4D-F4FAEC7A42A0}.Debug|x64.Deploy.0 = Debug|Any CPU
		{4A759C81-266B-440C-9C4D-F4FAEC7A42A0}.Debug|x86.ActiveCfg = Debug|Any CPU
		{4A759C81-266B-440C-9C4D-F4FAEC7A42A0}.Debug|x86.Build.0 = Debug|Any CPU
		{4A759C81-266B-440C-9C4D-F4FAEC7A42A0}.Debug|x86.Deploy.0 = Debug|Any CPU
		{4A759C81-266B-440C-9C4D-F4FAEC7A42A0}.Release|Any CPU.ActiveCfg = Release|Any CPU
		{4A759C81-266B-440C-9C4D-F4FAEC7A42A0}.Release|Any CPU.Build.0 = Release|Any CPU
		{4A759C81-266B-440C-9C4D-F4FAEC7A42A0}.Release|Any CPU.Deploy.0 = Release|Any CPU
		{4A759C81-266B-440C-9C4D-F4FAEC7A42A0}.Release|ARM.ActiveCfg = Release|Any CPU
		{4A759C81-266B-440C-9C4D-F4FAEC7A42A0}.Release|ARM.Build.0 = Release|Any CPU
		{4A759C81-266B-440C-9C4D-F4FAEC7A42A0}.Release|ARM.Deploy.0 = Release|Any CPU
		{4A759C81-266B-440C-9C4D-F4FAEC7A42A0}.Release|iPhone.ActiveCfg = Release|Any CPU
		{4A759C81-266B-440C-9C4D-F4FAEC7A42A0}.Release|iPhone.Build.0 = Release|Any CPU
		{4A759C81-266B-440C-9C4D-F4FAEC7A42A0}.Release|iPhone.Deploy.0 = Release|Any CPU
		{4A759C81-266B-440C-9C4D-F4FAEC7A42A0}.Release|iPhoneSimulator.ActiveCfg = Release|Any CPU
		{4A759C81-266B-440C-9C4D-F4FAEC7A42A0}.Release|iPhoneSimulator.Build.0 = Release|Any CPU
		{4A759C81-266B-440C-9C4D-F4FAEC7A42A0}.Release|iPhoneSimulator.Deploy.0 = Release|Any CPU
		{4A759C81-266B-440C-9C4D-F4FAEC7A42A0}.Release|x64.ActiveCfg = Release|Any CPU
		{4A759C81-266B-440C-9C4D-F4FAEC7A42A0}.Release|x64.Build.0 = Release|Any CPU
		{4A759C81-266B-440C-9C4D-F4FAEC7A42A0}.Release|x64.Deploy.0 = Release|Any CPU
		{4A759C81-266B-440C-9C4D-F4FAEC7A42A0}.Release|x86.ActiveCfg = Release|Any CPU
		{4A759C81-266B-440C-9C4D-F4FAEC7A42A0}.Release|x86.Build.0 = Release|Any CPU
		{4A759C81-266B-440C-9C4D-F4FAEC7A42A0}.Release|x86.Deploy.0 = Release|Any CPU
		{A483B9A0-6683-48E7-B6C2-4F7FD7CDCBE7}.Ad-Hoc|Any CPU.ActiveCfg = Release|Any CPU
		{A483B9A0-6683-48E7-B6C2-4F7FD7CDCBE7}.Ad-Hoc|Any CPU.Build.0 = Release|Any CPU
		{A483B9A0-6683-48E7-B6C2-4F7FD7CDCBE7}.Ad-Hoc|ARM.ActiveCfg = Release|Any CPU
		{A483B9A0-6683-48E7-B6C2-4F7FD7CDCBE7}.Ad-Hoc|ARM.Build.0 = Release|Any CPU
		{A483B9A0-6683-48E7-B6C2-4F7FD7CDCBE7}.Ad-Hoc|iPhone.ActiveCfg = Release|Any CPU
		{A483B9A0-6683-48E7-B6C2-4F7FD7CDCBE7}.Ad-Hoc|iPhone.Build.0 = Release|Any CPU
		{A483B9A0-6683-48E7-B6C2-4F7FD7CDCBE7}.Ad-Hoc|iPhoneSimulator.ActiveCfg = Release|Any CPU
		{A483B9A0-6683-48E7-B6C2-4F7FD7CDCBE7}.Ad-Hoc|iPhoneSimulator.Build.0 = Release|Any CPU
		{A483B9A0-6683-48E7-B6C2-4F7FD7CDCBE7}.Ad-Hoc|x64.ActiveCfg = Release|Any CPU
		{A483B9A0-6683-48E7-B6C2-4F7FD7CDCBE7}.Ad-Hoc|x64.Build.0 = Release|Any CPU
		{A483B9A0-6683-48E7-B6C2-4F7FD7CDCBE7}.Ad-Hoc|x86.ActiveCfg = Release|Any CPU
		{A483B9A0-6683-48E7-B6C2-4F7FD7CDCBE7}.Ad-Hoc|x86.Build.0 = Release|Any CPU
		{A483B9A0-6683-48E7-B6C2-4F7FD7CDCBE7}.AppStore|Any CPU.ActiveCfg = Release|Any CPU
		{A483B9A0-6683-48E7-B6C2-4F7FD7CDCBE7}.AppStore|Any CPU.Build.0 = Release|Any CPU
		{A483B9A0-6683-48E7-B6C2-4F7FD7CDCBE7}.AppStore|ARM.ActiveCfg = Release|Any CPU
		{A483B9A0-6683-48E7-B6C2-4F7FD7CDCBE7}.AppStore|ARM.Build.0 = Release|Any CPU
		{A483B9A0-6683-48E7-B6C2-4F7FD7CDCBE7}.AppStore|iPhone.ActiveCfg = Release|Any CPU
		{A483B9A0-6683-48E7-B6C2-4F7FD7CDCBE7}.AppStore|iPhone.Build.0 = Release|Any CPU
		{A483B9A0-6683-48E7-B6C2-4F7FD7CDCBE7}.AppStore|iPhoneSimulator.ActiveCfg = Release|Any CPU
		{A483B9A0-6683-48E7-B6C2-4F7FD7CDCBE7}.AppStore|iPhoneSimulator.Build.0 = Release|Any CPU
		{A483B9A0-6683-48E7-B6C2-4F7FD7CDCBE7}.AppStore|x64.ActiveCfg = Release|Any CPU
		{A483B9A0-6683-48E7-B6C2-4F7FD7CDCBE7}.AppStore|x64.Build.0 = Release|Any CPU
		{A483B9A0-6683-48E7-B6C2-4F7FD7CDCBE7}.AppStore|x86.ActiveCfg = Release|Any CPU
		{A483B9A0-6683-48E7-B6C2-4F7FD7CDCBE7}.AppStore|x86.Build.0 = Release|Any CPU
		{A483B9A0-6683-48E7-B6C2-4F7FD7CDCBE7}.Debug|Any CPU.ActiveCfg = Debug|Any CPU
		{A483B9A0-6683-48E7-B6C2-4F7FD7CDCBE7}.Debug|Any CPU.Build.0 = Debug|Any CPU
		{A483B9A0-6683-48E7-B6C2-4F7FD7CDCBE7}.Debug|ARM.ActiveCfg = Debug|Any CPU
		{A483B9A0-6683-48E7-B6C2-4F7FD7CDCBE7}.Debug|ARM.Build.0 = Debug|Any CPU
		{A483B9A0-6683-48E7-B6C2-4F7FD7CDCBE7}.Debug|iPhone.ActiveCfg = Debug|Any CPU
		{A483B9A0-6683-48E7-B6C2-4F7FD7CDCBE7}.Debug|iPhone.Build.0 = Debug|Any CPU
		{A483B9A0-6683-48E7-B6C2-4F7FD7CDCBE7}.Debug|iPhoneSimulator.ActiveCfg = Debug|Any CPU
		{A483B9A0-6683-48E7-B6C2-4F7FD7CDCBE7}.Debug|iPhoneSimulator.Build.0 = Debug|Any CPU
		{A483B9A0-6683-48E7-B6C2-4F7FD7CDCBE7}.Debug|x64.ActiveCfg = Debug|Any CPU
		{A483B9A0-6683-48E7-B6C2-4F7FD7CDCBE7}.Debug|x64.Build.0 = Debug|Any CPU
		{A483B9A0-6683-48E7-B6C2-4F7FD7CDCBE7}.Debug|x86.ActiveCfg = Debug|Any CPU
		{A483B9A0-6683-48E7-B6C2-4F7FD7CDCBE7}.Debug|x86.Build.0 = Debug|Any CPU
		{A483B9A0-6683-48E7-B6C2-4F7FD7CDCBE7}.Release|Any CPU.ActiveCfg = Release|Any CPU
		{A483B9A0-6683-48E7-B6C2-4F7FD7CDCBE7}.Release|Any CPU.Build.0 = Release|Any CPU
		{A483B9A0-6683-48E7-B6C2-4F7FD7CDCBE7}.Release|ARM.ActiveCfg = Release|Any CPU
		{A483B9A0-6683-48E7-B6C2-4F7FD7CDCBE7}.Release|ARM.Build.0 = Release|Any CPU
		{A483B9A0-6683-48E7-B6C2-4F7FD7CDCBE7}.Release|iPhone.ActiveCfg = Release|Any CPU
		{A483B9A0-6683-48E7-B6C2-4F7FD7CDCBE7}.Release|iPhone.Build.0 = Release|Any CPU
		{A483B9A0-6683-48E7-B6C2-4F7FD7CDCBE7}.Release|iPhoneSimulator.ActiveCfg = Release|Any CPU
		{A483B9A0-6683-48E7-B6C2-4F7FD7CDCBE7}.Release|iPhoneSimulator.Build.0 = Release|Any CPU
		{A483B9A0-6683-48E7-B6C2-4F7FD7CDCBE7}.Release|x64.ActiveCfg = Release|Any CPU
		{A483B9A0-6683-48E7-B6C2-4F7FD7CDCBE7}.Release|x64.Build.0 = Release|Any CPU
		{A483B9A0-6683-48E7-B6C2-4F7FD7CDCBE7}.Release|x86.ActiveCfg = Release|Any CPU
		{A483B9A0-6683-48E7-B6C2-4F7FD7CDCBE7}.Release|x86.Build.0 = Release|Any CPU
		{B881CDBC-A24A-4B8F-AC90-81FD92E1BBF0}.Ad-Hoc|Any CPU.ActiveCfg = Release|x86
		{B881CDBC-A24A-4B8F-AC90-81FD92E1BBF0}.Ad-Hoc|Any CPU.Build.0 = Release|x86
		{B881CDBC-A24A-4B8F-AC90-81FD92E1BBF0}.Ad-Hoc|Any CPU.Deploy.0 = Release|x86
		{B881CDBC-A24A-4B8F-AC90-81FD92E1BBF0}.Ad-Hoc|ARM.ActiveCfg = Release|ARM
		{B881CDBC-A24A-4B8F-AC90-81FD92E1BBF0}.Ad-Hoc|ARM.Build.0 = Release|ARM
		{B881CDBC-A24A-4B8F-AC90-81FD92E1BBF0}.Ad-Hoc|ARM.Deploy.0 = Release|ARM
		{B881CDBC-A24A-4B8F-AC90-81FD92E1BBF0}.Ad-Hoc|iPhone.ActiveCfg = Release|x86
		{B881CDBC-A24A-4B8F-AC90-81FD92E1BBF0}.Ad-Hoc|iPhone.Build.0 = Release|x86
		{B881CDBC-A24A-4B8F-AC90-81FD92E1BBF0}.Ad-Hoc|iPhone.Deploy.0 = Release|x86
		{B881CDBC-A24A-4B8F-AC90-81FD92E1BBF0}.Ad-Hoc|iPhoneSimulator.ActiveCfg = Release|x86
		{B881CDBC-A24A-4B8F-AC90-81FD92E1BBF0}.Ad-Hoc|iPhoneSimulator.Build.0 = Release|x86
		{B881CDBC-A24A-4B8F-AC90-81FD92E1BBF0}.Ad-Hoc|iPhoneSimulator.Deploy.0 = Release|x86
		{B881CDBC-A24A-4B8F-AC90-81FD92E1BBF0}.Ad-Hoc|x64.ActiveCfg = Release|x64
		{B881CDBC-A24A-4B8F-AC90-81FD92E1BBF0}.Ad-Hoc|x64.Build.0 = Release|x64
		{B881CDBC-A24A-4B8F-AC90-81FD92E1BBF0}.Ad-Hoc|x64.Deploy.0 = Release|x64
		{B881CDBC-A24A-4B8F-AC90-81FD92E1BBF0}.Ad-Hoc|x86.ActiveCfg = Release|x86
		{B881CDBC-A24A-4B8F-AC90-81FD92E1BBF0}.Ad-Hoc|x86.Build.0 = Release|x86
		{B881CDBC-A24A-4B8F-AC90-81FD92E1BBF0}.Ad-Hoc|x86.Deploy.0 = Release|x86
		{B881CDBC-A24A-4B8F-AC90-81FD92E1BBF0}.AppStore|Any CPU.ActiveCfg = Release|x86
		{B881CDBC-A24A-4B8F-AC90-81FD92E1BBF0}.AppStore|Any CPU.Build.0 = Release|x86
		{B881CDBC-A24A-4B8F-AC90-81FD92E1BBF0}.AppStore|Any CPU.Deploy.0 = Release|x86
		{B881CDBC-A24A-4B8F-AC90-81FD92E1BBF0}.AppStore|ARM.ActiveCfg = Release|ARM
		{B881CDBC-A24A-4B8F-AC90-81FD92E1BBF0}.AppStore|ARM.Build.0 = Release|ARM
		{B881CDBC-A24A-4B8F-AC90-81FD92E1BBF0}.AppStore|ARM.Deploy.0 = Release|ARM
		{B881CDBC-A24A-4B8F-AC90-81FD92E1BBF0}.AppStore|iPhone.ActiveCfg = Release|x86
		{B881CDBC-A24A-4B8F-AC90-81FD92E1BBF0}.AppStore|iPhone.Build.0 = Release|x86
		{B881CDBC-A24A-4B8F-AC90-81FD92E1BBF0}.AppStore|iPhone.Deploy.0 = Release|x86
		{B881CDBC-A24A-4B8F-AC90-81FD92E1BBF0}.AppStore|iPhoneSimulator.ActiveCfg = Release|x86
		{B881CDBC-A24A-4B8F-AC90-81FD92E1BBF0}.AppStore|iPhoneSimulator.Build.0 = Release|x86
		{B881CDBC-A24A-4B8F-AC90-81FD92E1BBF0}.AppStore|iPhoneSimulator.Deploy.0 = Release|x86
		{B881CDBC-A24A-4B8F-AC90-81FD92E1BBF0}.AppStore|x64.ActiveCfg = Release|x64
		{B881CDBC-A24A-4B8F-AC90-81FD92E1BBF0}.AppStore|x64.Build.0 = Release|x64
		{B881CDBC-A24A-4B8F-AC90-81FD92E1BBF0}.AppStore|x64.Deploy.0 = Release|x64
		{B881CDBC-A24A-4B8F-AC90-81FD92E1BBF0}.AppStore|x86.ActiveCfg = Release|x86
		{B881CDBC-A24A-4B8F-AC90-81FD92E1BBF0}.AppStore|x86.Build.0 = Release|x86
		{B881CDBC-A24A-4B8F-AC90-81FD92E1BBF0}.AppStore|x86.Deploy.0 = Release|x86
		{B881CDBC-A24A-4B8F-AC90-81FD92E1BBF0}.Debug|Any CPU.ActiveCfg = Debug|x86
		{B881CDBC-A24A-4B8F-AC90-81FD92E1BBF0}.Debug|ARM.ActiveCfg = Debug|ARM
		{B881CDBC-A24A-4B8F-AC90-81FD92E1BBF0}.Debug|ARM.Build.0 = Debug|ARM
		{B881CDBC-A24A-4B8F-AC90-81FD92E1BBF0}.Debug|ARM.Deploy.0 = Debug|ARM
		{B881CDBC-A24A-4B8F-AC90-81FD92E1BBF0}.Debug|iPhone.ActiveCfg = Debug|x86
		{B881CDBC-A24A-4B8F-AC90-81FD92E1BBF0}.Debug|iPhoneSimulator.ActiveCfg = Debug|x86
		{B881CDBC-A24A-4B8F-AC90-81FD92E1BBF0}.Debug|x64.ActiveCfg = Debug|x64
		{B881CDBC-A24A-4B8F-AC90-81FD92E1BBF0}.Debug|x64.Build.0 = Debug|x64
		{B881CDBC-A24A-4B8F-AC90-81FD92E1BBF0}.Debug|x64.Deploy.0 = Debug|x64
		{B881CDBC-A24A-4B8F-AC90-81FD92E1BBF0}.Debug|x86.ActiveCfg = Debug|x86
		{B881CDBC-A24A-4B8F-AC90-81FD92E1BBF0}.Debug|x86.Build.0 = Debug|x86
		{B881CDBC-A24A-4B8F-AC90-81FD92E1BBF0}.Debug|x86.Deploy.0 = Debug|x86
		{B881CDBC-A24A-4B8F-AC90-81FD92E1BBF0}.Release|Any CPU.ActiveCfg = Release|x86
		{B881CDBC-A24A-4B8F-AC90-81FD92E1BBF0}.Release|ARM.ActiveCfg = Release|ARM
		{B881CDBC-A24A-4B8F-AC90-81FD92E1BBF0}.Release|ARM.Build.0 = Release|ARM
		{B881CDBC-A24A-4B8F-AC90-81FD92E1BBF0}.Release|ARM.Deploy.0 = Release|ARM
		{B881CDBC-A24A-4B8F-AC90-81FD92E1BBF0}.Release|iPhone.ActiveCfg = Release|x86
		{B881CDBC-A24A-4B8F-AC90-81FD92E1BBF0}.Release|iPhoneSimulator.ActiveCfg = Release|x86
		{B881CDBC-A24A-4B8F-AC90-81FD92E1BBF0}.Release|x64.ActiveCfg = Release|x64
		{B881CDBC-A24A-4B8F-AC90-81FD92E1BBF0}.Release|x64.Build.0 = Release|x64
		{B881CDBC-A24A-4B8F-AC90-81FD92E1BBF0}.Release|x64.Deploy.0 = Release|x64
		{B881CDBC-A24A-4B8F-AC90-81FD92E1BBF0}.Release|x86.ActiveCfg = Release|x86
		{B881CDBC-A24A-4B8F-AC90-81FD92E1BBF0}.Release|x86.Build.0 = Release|x86
		{B881CDBC-A24A-4B8F-AC90-81FD92E1BBF0}.Release|x86.Deploy.0 = Release|x86
		{259CB16A-6C67-4716-B560-0D9B198C1DDA}.Ad-Hoc|Any CPU.ActiveCfg = Ad-Hoc|iPhoneSimulator
		{259CB16A-6C67-4716-B560-0D9B198C1DDA}.Ad-Hoc|ARM.ActiveCfg = Ad-Hoc|iPhone
		{259CB16A-6C67-4716-B560-0D9B198C1DDA}.Ad-Hoc|iPhone.ActiveCfg = Ad-Hoc|iPhone
		{259CB16A-6C67-4716-B560-0D9B198C1DDA}.Ad-Hoc|iPhone.Build.0 = Ad-Hoc|iPhone
		{259CB16A-6C67-4716-B560-0D9B198C1DDA}.Ad-Hoc|iPhoneSimulator.ActiveCfg = Ad-Hoc|iPhoneSimulator
		{259CB16A-6C67-4716-B560-0D9B198C1DDA}.Ad-Hoc|iPhoneSimulator.Build.0 = Ad-Hoc|iPhoneSimulator
		{259CB16A-6C67-4716-B560-0D9B198C1DDA}.Ad-Hoc|x64.ActiveCfg = Ad-Hoc|iPhone
		{259CB16A-6C67-4716-B560-0D9B198C1DDA}.Ad-Hoc|x86.ActiveCfg = Ad-Hoc|iPhone
		{259CB16A-6C67-4716-B560-0D9B198C1DDA}.AppStore|Any CPU.ActiveCfg = AppStore|iPhoneSimulator
		{259CB16A-6C67-4716-B560-0D9B198C1DDA}.AppStore|ARM.ActiveCfg = AppStore|iPhone
		{259CB16A-6C67-4716-B560-0D9B198C1DDA}.AppStore|iPhone.ActiveCfg = AppStore|iPhone
		{259CB16A-6C67-4716-B560-0D9B198C1DDA}.AppStore|iPhone.Build.0 = AppStore|iPhone
		{259CB16A-6C67-4716-B560-0D9B198C1DDA}.AppStore|iPhoneSimulator.ActiveCfg = AppStore|iPhoneSimulator
		{259CB16A-6C67-4716-B560-0D9B198C1DDA}.AppStore|iPhoneSimulator.Build.0 = AppStore|iPhoneSimulator
		{259CB16A-6C67-4716-B560-0D9B198C1DDA}.AppStore|x64.ActiveCfg = AppStore|iPhone
		{259CB16A-6C67-4716-B560-0D9B198C1DDA}.AppStore|x86.ActiveCfg = AppStore|iPhone
		{259CB16A-6C67-4716-B560-0D9B198C1DDA}.Debug|Any CPU.ActiveCfg = Debug|iPhoneSimulator
		{259CB16A-6C67-4716-B560-0D9B198C1DDA}.Debug|ARM.ActiveCfg = Debug|iPhone
		{259CB16A-6C67-4716-B560-0D9B198C1DDA}.Debug|iPhone.ActiveCfg = Debug|iPhone
		{259CB16A-6C67-4716-B560-0D9B198C1DDA}.Debug|iPhone.Build.0 = Debug|iPhone
		{259CB16A-6C67-4716-B560-0D9B198C1DDA}.Debug|iPhoneSimulator.ActiveCfg = Debug|iPhoneSimulator
		{259CB16A-6C67-4716-B560-0D9B198C1DDA}.Debug|iPhoneSimulator.Build.0 = Debug|iPhoneSimulator
		{259CB16A-6C67-4716-B560-0D9B198C1DDA}.Debug|x64.ActiveCfg = Debug|iPhone
		{259CB16A-6C67-4716-B560-0D9B198C1DDA}.Debug|x86.ActiveCfg = Debug|iPhone
		{259CB16A-6C67-4716-B560-0D9B198C1DDA}.Release|Any CPU.ActiveCfg = Release|iPhoneSimulator
		{259CB16A-6C67-4716-B560-0D9B198C1DDA}.Release|ARM.ActiveCfg = Release|iPhone
		{259CB16A-6C67-4716-B560-0D9B198C1DDA}.Release|iPhone.ActiveCfg = Release|iPhone
		{259CB16A-6C67-4716-B560-0D9B198C1DDA}.Release|iPhone.Build.0 = Release|iPhone
		{259CB16A-6C67-4716-B560-0D9B198C1DDA}.Release|iPhoneSimulator.ActiveCfg = Release|iPhoneSimulator
		{259CB16A-6C67-4716-B560-0D9B198C1DDA}.Release|iPhoneSimulator.Build.0 = Release|iPhoneSimulator
		{259CB16A-6C67-4716-B560-0D9B198C1DDA}.Release|x64.ActiveCfg = Release|iPhone
		{259CB16A-6C67-4716-B560-0D9B198C1DDA}.Release|x86.ActiveCfg = Release|iPhone
	EndGlobalSection
	GlobalSection(SolutionProperties) = preSolution
		HideSolutionNode = FALSE
	EndGlobalSection
	GlobalSection(ExtensibilityGlobals) = postSolution
		SolutionGuid = {197B0768-7980-49B9-8F4E-D67E876DC3FD}
	EndGlobalSection
EndGlobal
